
Microsoft Visual Studio Solution File, Format Version 12.00
# Visual Studio 15
VisualStudioVersion = 15.0.27617.1
MinimumVisualStudioVersion = 10.0.40219.1
Project("{9A19103F-16F7-4668-BE54-9A1E7A4F7556}") = "01-BookingForm", "samples\BookingForm\BookingForm.csproj", "{01E2786D-7826-4BF5-8D16-444B237D01D0}"
EndProject
Project("{2150E333-8FDC-42A3-9474-1A3956D46DE8}") = "samples", "samples", "{FC867709-158B-4392-83A2-4CA330DFE867}"
EndProject
Project("{2150E333-8FDC-42A3-9474-1A3956D46DE8}") = "src", "src", "{BFD7CFC6-5B2D-460D-8DA8-58F1FC0DF8EA}"
EndProject
Project("{9A19103F-16F7-4668-BE54-9A1E7A4F7556}") = "Blazor.StateX", "src\BlazorStateX\Blazor.StateX.csproj", "{1BE20937-CE0B-462D-ACFA-DFF863EFF019}"
EndProject
Global
	GlobalSection(SolutionConfigurationPlatforms) = preSolution
		Debug|Any CPU = Debug|Any CPU
		Release|Any CPU = Release|Any CPU
	EndGlobalSection
	GlobalSection(ProjectConfigurationPlatforms) = postSolution
		{01E2786D-7826-4BF5-8D16-444B237D01D0}.Debug|Any CPU.ActiveCfg = Debug|Any CPU
		{01E2786D-7826-4BF5-8D16-444B237D01D0}.Debug|Any CPU.Build.0 = Debug|Any CPU
		{01E2786D-7826-4BF5-8D16-444B237D01D0}.Release|Any CPU.ActiveCfg = Release|Any CPU
		{01E2786D-7826-4BF5-8D16-444B237D01D0}.Release|Any CPU.Build.0 = Release|Any CPU
		{1BE20937-CE0B-462D-ACFA-DFF863EFF019}.Debug|Any CPU.ActiveCfg = Debug|Any CPU
		{1BE20937-CE0B-462D-ACFA-DFF863EFF019}.Debug|Any CPU.Build.0 = Debug|Any CPU
		{1BE20937-CE0B-462D-ACFA-DFF863EFF019}.Release|Any CPU.ActiveCfg = Release|Any CPU
		{1BE20937-CE0B-462D-ACFA-DFF863EFF019}.Release|Any CPU.Build.0 = Release|Any CPU
	EndGlobalSection
	GlobalSection(SolutionProperties) = preSolution
		HideSolutionNode = FALSE
	EndGlobalSection
	GlobalSection(NestedProjects) = preSolution
		{01E2786D-7826-4BF5-8D16-444B237D01D0} = {FC867709-158B-4392-83A2-4CA330DFE867}
		{1BE20937-CE0B-462D-ACFA-DFF863EFF019} = {BFD7CFC6-5B2D-460D-8DA8-58F1FC0DF8EA}
	EndGlobalSection
	GlobalSection(ExtensibilityGlobals) = postSolution
		SolutionGuid = {AD6DED0A-99AD-4052-ACBF-45B816BB7DB2}
	EndGlobalSection
EndGlobal
